
Microsoft Visual Studio Solution File, Format Version 12.00
Project("{FAE04EC0-301F-11D3-BF4B-00C04F79EFBC}") = "SFA.DAS.CareersAdvice.Web", "SFA.DAS.CareersAdvice.Web\SFA.DAS.CareersAdvice.Web.csproj", "{BBCD7DC1-10D7-4603-8967-D1200B607A66}"
EndProject
Global
	GlobalSection(SolutionConfigurationPlatforms) = preSolution
		Debug|Any CPU = Debug|Any CPU
		Release|Any CPU = Release|Any CPU
	EndGlobalSection
	GlobalSection(ProjectConfigurationPlatforms) = postSolution
		{BBCD7DC1-10D7-4603-8967-D1200B607A66}.Debug|Any CPU.ActiveCfg = Debug|Any CPU
		{BBCD7DC1-10D7-4603-8967-D1200B607A66}.Debug|Any CPU.Build.0 = Debug|Any CPU
		{BBCD7DC1-10D7-4603-8967-D1200B607A66}.Release|Any CPU.ActiveCfg = Release|Any CPU
		{BBCD7DC1-10D7-4603-8967-D1200B607A66}.Release|Any CPU.Build.0 = Release|Any CPU
	EndGlobalSection
EndGlobal
